{
  "name": "selina-scilab-1",
  "version": "1.0.0",
  "lockfileVersion": 1,
  "requires": true,
  "dependencies": {
    "docxtemplater": {
      "version": "3.17.9",
      "resolved": "https://registry.npmjs.org/docxtemplater/-/docxtemplater-3.17.9.tgz",
      "integrity": "sha512-ZWyWffQjNQzTEGZW5JvCJZQKSBC1xGZqvRsDs93Aes/oz3ksnHFIfSnn1LzHPLcdwnHApcNjAtaTEICPx09PPw==",
      "requires": {
        "xmldom": "^0.3.0"
      }
    },
    "paddlejs": {
      "version": "1.0.6",
      "resolved": "https://registry.npmjs.org/paddlejs/-/paddlejs-1.0.6.tgz",
      "integrity": "sha512-ux/yiAvjSg/DV4OVFY4YI2qalmaCtqohBrRCvwfWI1fEvZjhnJmkUoTKVUHF0UmhEH41IVvsp2csxqGhGqrWeA=="
    },
    "xmldom": {
      "version": "0.3.0",
      "resolved": "https://registry.npmjs.org/xmldom/-/xmldom-0.3.0.tgz",
      "integrity": "sha512-z9s6k3wxE+aZHgXYxSTpGDo7BYOUfJsIRyoZiX6HTjwpwfS2wpQBQKa2fD+ShLyPkqDYo5ud7KitmLZ2Cd6r0g=="
    }
  }
}
