{
  "name": "selina-scilab-1",
  "version": "1.0.0",
  "lockfileVersion": 1,
  "requires": true,
  "dependencies": {
    "@xmldom/xmldom": {
      "version": "0.8.6",
      "resolved": "https://registry.npmjs.org/@xmldom/xmldom/-/xmldom-0.8.6.tgz",
      "integrity": "sha512-uRjjusqpoqfmRkTaNuLJ2VohVr67Q5YwDATW3VU7PfzTj6IRaihGrYI7zckGZjxQPBIp63nfvJbM+Yu5ICh0Bg=="
    },
    "docxtemplater": {
      "version": "3.31.5",
      "resolved": "https://registry.npmjs.org/docxtemplater/-/docxtemplater-3.31.5.tgz",
      "integrity": "sha512-pY6NsTEmBXhUqe+5NKREvnkv0JkHxlnbBTLZi2IKPjzt4OlZL72h8nrUmnl3yBRwKdaEAhr8zvBbW50I0m8LBw==",
      "requires": {
        "@xmldom/xmldom": "^0.8.2"
      }
    },
    "paddlejs": {
      "version": "1.0.6",
      "resolved": "https://registry.npmjs.org/paddlejs/-/paddlejs-1.0.6.tgz",
      "integrity": "sha512-ux/yiAvjSg/DV4OVFY4YI2qalmaCtqohBrRCvwfWI1fEvZjhnJmkUoTKVUHF0UmhEH41IVvsp2csxqGhGqrWeA=="
    }
  }
}
